
Microsoft Visual Studio Solution File, Format Version 12.00
# Visual Studio Version 17
VisualStudioVersion = 17.8.34322.80
MinimumVisualStudioVersion = 10.0.40219.1
Project("{FAE04EC0-301F-11D3-BF4B-00C04F79EFBC}") = "TrainApp", "TrainApp\TrainApp.csproj", "{185C7F04-06BA-4044-8D29-C8D04BA44EF9}"
EndProject
Global
	GlobalSection(SolutionConfigurationPlatforms) = preSolution
		Debug|Any CPU = Debug|Any CPU
		Release|Any CPU = Release|Any CPU
	EndGlobalSection
	GlobalSection(ProjectConfigurationPlatforms) = postSolution
		{185C7F04-06BA-4044-8D29-C8D04BA44EF9}.Debug|Any CPU.ActiveCfg = Debug|Any CPU
		{185C7F04-06BA-4044-8D29-C8D04BA44EF9}.Debug|Any CPU.Build.0 = Debug|Any CPU
		{185C7F04-06BA-4044-8D29-C8D04BA44EF9}.Release|Any CPU.ActiveCfg = Release|Any CPU
		{185C7F04-06BA-4044-8D29-C8D04BA44EF9}.Release|Any CPU.Build.0 = Release|Any CPU
	EndGlobalSection
	GlobalSection(SolutionProperties) = preSolution
		HideSolutionNode = FALSE
	EndGlobalSection
	GlobalSection(ExtensibilityGlobals) = postSolution
		SolutionGuid = {6A12FCC3-0578-40AB-A077-39C9ED2E4A73}
	EndGlobalSection
EndGlobal
